github.com/abu-lang/abuc/preprocessor v0.1.0 h1:r3IpKPAXOAmImHRvjq5sX0p0q4GKXWP8IPjFfl6tcmc=
github.com/abu-lang/abuc/preprocessor v0.1.0/go.mod h1:MN8knnPM3zehVgSSWbTlAjDGYbKmte/tr5omCfOwP+Y=
github.com/antlr/antlr4/runtime/Go/antlr v0.0.0-20220415214452-44d87bc1d130 h1:ZK7suI5cPJcdPeuB0ifv9hJ67qBjSwXGXfyFcJvQX64=
github.com/antlr/antlr4/runtime/Go/antlr v0.0.0-20220415214452-44d87bc1d130/go.mod h1:F7bn7fEU90QkQ3tnmaTx3LTKLEDqnwWODIYppRQ5hnY=
golang.org/x/mod v0.5.1 h1:OJxoQ/rynoF0dcCdI7cLPktw/hR2cueqYfjm43oqK38=
golang.org/x/mod v0.5.1/go.mod h1:5OXOZSfqPIIbmVBIIKWRFfZjPR0E5r58TLhUjH0a2Ro=
golang.org/x/xerrors v0.0.0-20191011141410-1b5146add898 h1:/atklqdjdhuosWIl6AIbOeHJjicWYPqR9bpxqxYG2pA=
golang.org/x/xerrors v0.0.0-20191011141410-1b5146add898/go.mod h1:I/5z698sn9Ka8TeJc9MKroUUfqBBauWjQqLJ2OPfmY0=
