github.com/abu-lang/abuc/preprocessor v0.1.0 h1:r3IpKPAXOAmImHRvjq5sX0p0q4GKXWP8IPjFfl6tcmc=
github.com/abu-lang/abuc/preprocessor v0.1.0/go.mod h1:MN8knnPM3zehVgSSWbTlAjDGYbKmte/tr5omCfOwP+Y=
github.com/antlr/antlr4/runtime/Go/antlr v0.0.0-20220415214452-44d87bc1d130 h1:ZK7suI5cPJcdPeuB0ifv9hJ67qBjSwXGXfyFcJvQX64=
github.com/antlr/antlr4/runtime/Go/antlr v0.0.0-20220415214452-44d87bc1d130/go.mod h1:F7bn7fEU90QkQ3tnmaTx3LTKLEDqnwWODIYppRQ5hnY=
golang.org/x/mod v0.7.0 h1:LapD9S96VoQRhi/GrNTqeBJFrUjs5UHCAtTlgwA5oZA=
golang.org/x/mod v0.7.0/go.mod h1:iBbtSCu2XBx23ZKBPSOrRkjjQPZFPuis4dIYUhu/chs=
